
Microsoft Visual Studio Solution File, Format Version 12.00
# Visual Studio Version 16
VisualStudioVersion = 16.0.31624.102
MinimumVisualStudioVersion = 10.0.40219.1
Project("{FAE04EC0-301F-11D3-BF4B-00C04F79EFBC}") = "LogixUtils", "LogixUtils\LogixUtils.csproj", "{16597CA3-2275-4C9A-A597-70F48EBC5653}"
EndProject
Global
	GlobalSection(SolutionConfigurationPlatforms) = preSolution
		Debug|Any CPU = Debug|Any CPU
		Release|Any CPU = Release|Any CPU
	EndGlobalSection
	GlobalSection(ProjectConfigurationPlatforms) = postSolution
		{16597CA3-2275-4C9A-A597-70F48EBC5653}.Debug|Any CPU.ActiveCfg = Debug|Any CPU
		{16597CA3-2275-4C9A-A597-70F48EBC5653}.Debug|Any CPU.Build.0 = Debug|Any CPU
		{16597CA3-2275-4C9A-A597-70F48EBC5653}.Release|Any CPU.ActiveCfg = Release|Any CPU
		{16597CA3-2275-4C9A-A597-70F48EBC5653}.Release|Any CPU.Build.0 = Release|Any CPU
	EndGlobalSection
	GlobalSection(SolutionProperties) = preSolution
		HideSolutionNode = FALSE
	EndGlobalSection
	GlobalSection(ExtensibilityGlobals) = postSolution
		SolutionGuid = {8A1D47C7-1FA8-40C6-ACAD-41D277C803F4}
	EndGlobalSection
EndGlobal
